
Microsoft Visual Studio Solution File, Format Version 12.00
# Visual Studio Version 17
VisualStudioVersion = 17.0.31903.59
MinimumVisualStudioVersion = 10.0.40219.1
Project("{FAE04EC0-301F-11D3-BF4B-00C04F79EFBC}") = "TestAPI", "TestAPI\TestAPI.csproj", "{5B76D341-7C60-4FA6-AB81-51FACAA38C38}"
EndProject
Project("{FAE04EC0-301F-11D3-BF4B-00C04F79EFBC}") = "StringLibrary", "StringLibrary\StringLibrary.csproj", "{C4CB70EE-0C77-4A89-B8CA-20B40F5E86A7}"
EndProject
Global
	GlobalSection(SolutionConfigurationPlatforms) = preSolution
		Debug|Any CPU = Debug|Any CPU
		Release|Any CPU = Release|Any CPU
	EndGlobalSection
	GlobalSection(SolutionProperties) = preSolution
		HideSolutionNode = FALSE
	EndGlobalSection
	GlobalSection(ProjectConfigurationPlatforms) = postSolution
		{5B76D341-7C60-4FA6-AB81-51FACAA38C38}.Debug|Any CPU.ActiveCfg = Debug|Any CPU
		{5B76D341-7C60-4FA6-AB81-51FACAA38C38}.Debug|Any CPU.Build.0 = Debug|Any CPU
		{5B76D341-7C60-4FA6-AB81-51FACAA38C38}.Release|Any CPU.ActiveCfg = Release|Any CPU
		{5B76D341-7C60-4FA6-AB81-51FACAA38C38}.Release|Any CPU.Build.0 = Release|Any CPU
		{C4CB70EE-0C77-4A89-B8CA-20B40F5E86A7}.Debug|Any CPU.ActiveCfg = Debug|Any CPU
		{C4CB70EE-0C77-4A89-B8CA-20B40F5E86A7}.Debug|Any CPU.Build.0 = Debug|Any CPU
		{C4CB70EE-0C77-4A89-B8CA-20B40F5E86A7}.Release|Any CPU.ActiveCfg = Release|Any CPU
		{C4CB70EE-0C77-4A89-B8CA-20B40F5E86A7}.Release|Any CPU.Build.0 = Release|Any CPU
	EndGlobalSection
EndGlobal
